// !$*UTF8*$!
{
	archiveVersion = 1;
	classes = {
	};
	objectVersion = 56;
	objects = {

/* Begin PBXBuildFile section */
		3628649C2C89CA2000029452 /* Pretendard-Medium.otf in Resources */ = {isa = PBXBuildFile; fileRef = 362864932C89CA1E00029452 /* Pretendard-Medium.otf */; };
		3628649D2C89CA2000029452 /* Pretendard-Regular.otf in Resources */ = {isa = PBXBuildFile; fileRef = 362864942C89CA1F00029452 /* Pretendard-Regular.otf */; };
		3628649F2C89CA2000029452 /* Pretendard-SemiBold.otf in Resources */ = {isa = PBXBuildFile; fileRef = 362864962C89CA1F00029452 /* Pretendard-SemiBold.otf */; };
		362864A12C89CA2000029452 /* Pretendard-Bold.otf in Resources */ = {isa = PBXBuildFile; fileRef = 362864982C89CA1F00029452 /* Pretendard-Bold.otf */; };
		362864A82C89D64100029452 /* Font.swift in Sources */ = {isa = PBXBuildFile; fileRef = 362864A72C89D64100029452 /* Font.swift */; };
		362864BA2C8A4B9000029452 /* NeoDunggeunmoPro-Regular.ttf in Resources */ = {isa = PBXBuildFile; fileRef = 362864B92C8A4B9000029452 /* NeoDunggeunmoPro-Regular.ttf */; };
		F809E2FA2CBD05F5001BE099 /* UserData.swift in Sources */ = {isa = PBXBuildFile; fileRef = F809E2F92CBD05F5001BE099 /* UserData.swift */; };
		F809E2FC2CBD06A1001BE099 /* UserManager.swift in Sources */ = {isa = PBXBuildFile; fileRef = F809E2FB2CBD06A1001BE099 /* UserManager.swift */; };
		F809E2FE2CBD0841001BE099 /* DeleteUserConfirmView.swift in Sources */ = {isa = PBXBuildFile; fileRef = F809E2FD2CBD0841001BE099 /* DeleteUserConfirmView.swift */; };
		F80DF7332CB384F8004FF1F2 /* SettingTermView.swift in Sources */ = {isa = PBXBuildFile; fileRef = F80DF7322CB384F8004FF1F2 /* SettingTermView.swift */; };
		F80DF7362CB38861004FF1F2 /* WebView.swift in Sources */ = {isa = PBXBuildFile; fileRef = F80DF7352CB38861004FF1F2 /* WebView.swift */; };
		F80DF7392CB3DA2C004FF1F2 /* DeleteUserView.swift in Sources */ = {isa = PBXBuildFile; fileRef = F80DF7382CB3DA2C004FF1F2 /* DeleteUserView.swift */; };
		F80DF73B2CB3DA38004FF1F2 /* DeleteUserViewModel.swift in Sources */ = {isa = PBXBuildFile; fileRef = F80DF73A2CB3DA38004FF1F2 /* DeleteUserViewModel.swift */; };
		F811A21E2C9D5A3200176086 /* UpdateNicknameView.swift in Sources */ = {isa = PBXBuildFile; fileRef = F811A21D2C9D5A3200176086 /* UpdateNicknameView.swift */; };
		F827E5592C748CBC00C5B320 /* SignUpNicknameView.swift in Sources */ = {isa = PBXBuildFile; fileRef = F827E5582C748CBC00C5B320 /* SignUpNicknameView.swift */; };
		F8311F992C7060E8000455ED /* GreenButton.swift in Sources */ = {isa = PBXBuildFile; fileRef = F8311F982C7060E8000455ED /* GreenButton.swift */; };
		F84B21C52C90227A009FE6F3 /* SettingView.swift in Sources */ = {isa = PBXBuildFile; fileRef = F84B21C42C90227A009FE6F3 /* SettingView.swift */; };
		F859C0482C7068DF007B886A /* SignUpData.swift in Sources */ = {isa = PBXBuildFile; fileRef = F859C0472C7068DF007B886A /* SignUpData.swift */; };
		F859C04A2C706A2D007B886A /* SignUpEggView.swift in Sources */ = {isa = PBXBuildFile; fileRef = F859C0492C706A2D007B886A /* SignUpEggView.swift */; };
		F85C2BA42C4CD651002E2237 /* UserDefaultValue.swift in Sources */ = {isa = PBXBuildFile; fileRef = F85C2BA32C4CD651002E2237 /* UserDefaultValue.swift */; };
		F8758CEF2C8EDF630038CCBB /* DialogView.swift in Sources */ = {isa = PBXBuildFile; fileRef = F8758CEE2C8EDF630038CCBB /* DialogView.swift */; };
		F8758CF12C8EDF6B0038CCBB /* HealthKitManager.swift in Sources */ = {isa = PBXBuildFile; fileRef = F8758CF02C8EDF6B0038CCBB /* HealthKitManager.swift */; };
		F8758CF32C8EE1F60038CCBB /* Assets.xcassets in Resources */ = {isa = PBXBuildFile; fileRef = F8758CF22C8EE1F60038CCBB /* Assets.xcassets */; };
		F8773BBD2CA541F4009A608F /* UpdateNicknameViewModel.swift in Sources */ = {isa = PBXBuildFile; fileRef = F8773BBC2CA541F4009A608F /* UpdateNicknameViewModel.swift */; };
		F8773BC02CA54A02009A608F /* UpdateCalorieView.swift in Sources */ = {isa = PBXBuildFile; fileRef = F8773BBF2CA54A02009A608F /* UpdateCalorieView.swift */; };
		F8773BC22CA54E49009A608F /* UpdateCalorieViewModel.swift in Sources */ = {isa = PBXBuildFile; fileRef = F8773BC12CA54E49009A608F /* UpdateCalorieViewModel.swift */; };
		F89A2EB92C7C7F0500FE3A36 /* SignUpSuccessView.swift in Sources */ = {isa = PBXBuildFile; fileRef = F89A2EB82C7C7F0500FE3A36 /* SignUpSuccessView.swift */; };
		F8AB332E2C2EAD2E00BC16C9 /* DDanDDanApp.swift in Sources */ = {isa = PBXBuildFile; fileRef = F8AB332D2C2EAD2E00BC16C9 /* DDanDDanApp.swift */; };
		F8AB33302C2EAD2E00BC16C9 /* OnboardingView.swift in Sources */ = {isa = PBXBuildFile; fileRef = F8AB332F2C2EAD2E00BC16C9 /* OnboardingView.swift */; };
		F8AB33352C2EAD2F00BC16C9 /* Preview Assets.xcassets in Resources */ = {isa = PBXBuildFile; fileRef = F8AB33342C2EAD2F00BC16C9 /* Preview Assets.xcassets */; };
		F8C10C0D2C5782720037D6A5 /* KakaoSDK in Frameworks */ = {isa = PBXBuildFile; productRef = F8C10C0C2C5782720037D6A5 /* KakaoSDK */; };
		F8C10C0F2C5782720037D6A5 /* KakaoSDKAuth in Frameworks */ = {isa = PBXBuildFile; productRef = F8C10C0E2C5782720037D6A5 /* KakaoSDKAuth */; };
		F8C10C112C5782720037D6A5 /* KakaoSDKCommon in Frameworks */ = {isa = PBXBuildFile; productRef = F8C10C102C5782720037D6A5 /* KakaoSDKCommon */; };
		F8C10C132C5782720037D6A5 /* KakaoSDKUser in Frameworks */ = {isa = PBXBuildFile; productRef = F8C10C122C5782720037D6A5 /* KakaoSDKUser */; };
		F8C10C182C57955C0037D6A5 /* SignUpView.swift in Sources */ = {isa = PBXBuildFile; fileRef = F8C10C172C57955C0037D6A5 /* SignUpView.swift */; };
		F8C10C1A2C57970B0037D6A5 /* SignUpTermView.swift in Sources */ = {isa = PBXBuildFile; fileRef = F8C10C192C57970B0037D6A5 /* SignUpTermView.swift */; };
		F8FD4FAE2C7A09F900147C4F /* SignUpCalorieView.swift in Sources */ = {isa = PBXBuildFile; fileRef = F8FD4FAD2C7A09F900147C4F /* SignUpCalorieView.swift */; };
		F8FD4FB02C7A0FF600147C4F /* SignUpCalorieViewModel.swift in Sources */ = {isa = PBXBuildFile; fileRef = F8FD4FAF2C7A0FF600147C4F /* SignUpCalorieViewModel.swift */; };
/* End PBXBuildFile section */

/* Begin PBXFileReference section */
		362864932C89CA1E00029452 /* Pretendard-Medium.otf */ = {isa = PBXFileReference; lastKnownFileType = file; path = "Pretendard-Medium.otf"; sourceTree = "<group>"; };
		362864942C89CA1F00029452 /* Pretendard-Regular.otf */ = {isa = PBXFileReference; lastKnownFileType = file; path = "Pretendard-Regular.otf"; sourceTree = "<group>"; };
		362864962C89CA1F00029452 /* Pretendard-SemiBold.otf */ = {isa = PBXFileReference; lastKnownFileType = file; path = "Pretendard-SemiBold.otf"; sourceTree = "<group>"; };
		362864982C89CA1F00029452 /* Pretendard-Bold.otf */ = {isa = PBXFileReference; lastKnownFileType = file; path = "Pretendard-Bold.otf"; sourceTree = "<group>"; };
		362864A72C89D64100029452 /* Font.swift */ = {isa = PBXFileReference; lastKnownFileType = sourcecode.swift; path = Font.swift; sourceTree = "<group>"; };
		362864AF2C89E76200029452 /* Info.plist */ = {isa = PBXFileReference; fileEncoding = 4; lastKnownFileType = text.plist.xml; path = Info.plist; sourceTree = "<group>"; };
		362864B92C8A4B9000029452 /* NeoDunggeunmoPro-Regular.ttf */ = {isa = PBXFileReference; lastKnownFileType = file; path = "NeoDunggeunmoPro-Regular.ttf"; sourceTree = "<group>"; };
		F809E2F92CBD05F5001BE099 /* UserData.swift */ = {isa = PBXFileReference; lastKnownFileType = sourcecode.swift; path = UserData.swift; sourceTree = "<group>"; };
		F809E2FB2CBD06A1001BE099 /* UserManager.swift */ = {isa = PBXFileReference; lastKnownFileType = sourcecode.swift; path = UserManager.swift; sourceTree = "<group>"; };
		F809E2FD2CBD0841001BE099 /* DeleteUserConfirmView.swift */ = {isa = PBXFileReference; lastKnownFileType = sourcecode.swift; path = DeleteUserConfirmView.swift; sourceTree = "<group>"; };
		F80DF7322CB384F8004FF1F2 /* SettingTermView.swift */ = {isa = PBXFileReference; lastKnownFileType = sourcecode.swift; path = SettingTermView.swift; sourceTree = "<group>"; };
		F80DF7352CB38861004FF1F2 /* WebView.swift */ = {isa = PBXFileReference; lastKnownFileType = sourcecode.swift; path = WebView.swift; sourceTree = "<group>"; };
		F80DF7382CB3DA2C004FF1F2 /* DeleteUserView.swift */ = {isa = PBXFileReference; lastKnownFileType = sourcecode.swift; path = DeleteUserView.swift; sourceTree = "<group>"; };
		F80DF73A2CB3DA38004FF1F2 /* DeleteUserViewModel.swift */ = {isa = PBXFileReference; lastKnownFileType = sourcecode.swift; path = DeleteUserViewModel.swift; sourceTree = "<group>"; };
		F811A21D2C9D5A3200176086 /* UpdateNicknameView.swift */ = {isa = PBXFileReference; lastKnownFileType = sourcecode.swift; path = UpdateNicknameView.swift; sourceTree = "<group>"; };
		F827E5582C748CBC00C5B320 /* SignUpNicknameView.swift */ = {isa = PBXFileReference; lastKnownFileType = sourcecode.swift; path = SignUpNicknameView.swift; sourceTree = "<group>"; };
		F8311F982C7060E8000455ED /* GreenButton.swift */ = {isa = PBXFileReference; lastKnownFileType = sourcecode.swift; path = GreenButton.swift; sourceTree = "<group>"; };
		F84B21C42C90227A009FE6F3 /* SettingView.swift */ = {isa = PBXFileReference; lastKnownFileType = sourcecode.swift; path = SettingView.swift; sourceTree = "<group>"; };
		F859C0472C7068DF007B886A /* SignUpData.swift */ = {isa = PBXFileReference; lastKnownFileType = sourcecode.swift; path = SignUpData.swift; sourceTree = "<group>"; };
		F859C0492C706A2D007B886A /* SignUpEggView.swift */ = {isa = PBXFileReference; lastKnownFileType = sourcecode.swift; path = SignUpEggView.swift; sourceTree = "<group>"; };
		F85C2BA32C4CD651002E2237 /* UserDefaultValue.swift */ = {isa = PBXFileReference; lastKnownFileType = sourcecode.swift; path = UserDefaultValue.swift; sourceTree = "<group>"; };
		F8758CEE2C8EDF630038CCBB /* DialogView.swift */ = {isa = PBXFileReference; fileEncoding = 4; lastKnownFileType = sourcecode.swift; path = DialogView.swift; sourceTree = "<group>"; };
		F8758CF02C8EDF6B0038CCBB /* HealthKitManager.swift */ = {isa = PBXFileReference; fileEncoding = 4; lastKnownFileType = sourcecode.swift; path = HealthKitManager.swift; sourceTree = "<group>"; };
		F8758CF22C8EE1F60038CCBB /* Assets.xcassets */ = {isa = PBXFileReference; lastKnownFileType = folder.assetcatalog; path = Assets.xcassets; sourceTree = "<group>"; };
		F8773BBC2CA541F4009A608F /* UpdateNicknameViewModel.swift */ = {isa = PBXFileReference; lastKnownFileType = sourcecode.swift; path = UpdateNicknameViewModel.swift; sourceTree = "<group>"; };
		F8773BBF2CA54A02009A608F /* UpdateCalorieView.swift */ = {isa = PBXFileReference; lastKnownFileType = sourcecode.swift; path = UpdateCalorieView.swift; sourceTree = "<group>"; };
		F8773BC12CA54E49009A608F /* UpdateCalorieViewModel.swift */ = {isa = PBXFileReference; lastKnownFileType = sourcecode.swift; path = UpdateCalorieViewModel.swift; sourceTree = "<group>"; };
		F89A2EB82C7C7F0500FE3A36 /* SignUpSuccessView.swift */ = {isa = PBXFileReference; lastKnownFileType = sourcecode.swift; path = SignUpSuccessView.swift; sourceTree = "<group>"; };
		F8AB332A2C2EAD2E00BC16C9 /* DDanDDan.app */ = {isa = PBXFileReference; explicitFileType = wrapper.application; includeInIndex = 0; path = DDanDDan.app; sourceTree = BUILT_PRODUCTS_DIR; };
		F8AB332D2C2EAD2E00BC16C9 /* DDanDDanApp.swift */ = {isa = PBXFileReference; lastKnownFileType = sourcecode.swift; path = DDanDDanApp.swift; sourceTree = "<group>"; };
		F8AB332F2C2EAD2E00BC16C9 /* OnboardingView.swift */ = {isa = PBXFileReference; lastKnownFileType = sourcecode.swift; path = OnboardingView.swift; sourceTree = "<group>"; };
		F8AB33342C2EAD2F00BC16C9 /* Preview Assets.xcassets */ = {isa = PBXFileReference; lastKnownFileType = folder.assetcatalog; path = "Preview Assets.xcassets"; sourceTree = "<group>"; };
		F8C10C172C57955C0037D6A5 /* SignUpView.swift */ = {isa = PBXFileReference; fileEncoding = 4; lastKnownFileType = sourcecode.swift; name = SignUpView.swift; path = DDanDDan/SignUpView.swift; sourceTree = SOURCE_ROOT; };
		F8C10C192C57970B0037D6A5 /* SignUpTermView.swift */ = {isa = PBXFileReference; lastKnownFileType = sourcecode.swift; path = SignUpTermView.swift; sourceTree = "<group>"; };
		F8FD4FAD2C7A09F900147C4F /* SignUpCalorieView.swift */ = {isa = PBXFileReference; lastKnownFileType = sourcecode.swift; path = SignUpCalorieView.swift; sourceTree = "<group>"; };
		F8FD4FAF2C7A0FF600147C4F /* SignUpCalorieViewModel.swift */ = {isa = PBXFileReference; lastKnownFileType = sourcecode.swift; path = SignUpCalorieViewModel.swift; sourceTree = "<group>"; };
/* End PBXFileReference section */

/* Begin PBXFrameworksBuildPhase section */
		F8AB33272C2EAD2E00BC16C9 /* Frameworks */ = {
			isa = PBXFrameworksBuildPhase;
			buildActionMask = 2147483647;
			files = (
				F8C10C132C5782720037D6A5 /* KakaoSDKUser in Frameworks */,
				F8C10C0D2C5782720037D6A5 /* KakaoSDK in Frameworks */,
				F8C10C112C5782720037D6A5 /* KakaoSDKCommon in Frameworks */,
				F8C10C0F2C5782720037D6A5 /* KakaoSDKAuth in Frameworks */,
			);
			runOnlyForDeploymentPostprocessing = 0;
		};
/* End PBXFrameworksBuildPhase section */

/* Begin PBXGroup section */
		362864902C89BF9900029452 /* Resource */ = {
			isa = PBXGroup;
			children = (
				F8758CF22C8EE1F60038CCBB /* Assets.xcassets */,
				362864912C89BFA700029452 /* Fonts */,
				362864A72C89D64100029452 /* Font.swift */,
			);
			path = Resource;
			sourceTree = "<group>";
		};
		362864912C89BFA700029452 /* Fonts */ = {
			isa = PBXGroup;
			children = (
				362864B92C8A4B9000029452 /* NeoDunggeunmoPro-Regular.ttf */,
				362864982C89CA1F00029452 /* Pretendard-Bold.otf */,
				362864932C89CA1E00029452 /* Pretendard-Medium.otf */,
				362864942C89CA1F00029452 /* Pretendard-Regular.otf */,
				362864962C89CA1F00029452 /* Pretendard-SemiBold.otf */,
			);
			path = Fonts;
			sourceTree = "<group>";
		};
		F809E2F82CBD05E4001BE099 /* User */ = {
			isa = PBXGroup;
			children = (
				F809E2F92CBD05F5001BE099 /* UserData.swift */,
			);
			path = User;
			sourceTree = "<group>";
		};
		F80DF7342CB384FB004FF1F2 /* SettingTerm */ = {
			isa = PBXGroup;
			children = (
				F80DF7322CB384F8004FF1F2 /* SettingTermView.swift */,
			);
			path = SettingTerm;
			sourceTree = "<group>";
		};
		F80DF7372CB3DA1C004FF1F2 /* DeleteUser */ = {
			isa = PBXGroup;
			children = (
				F80DF7382CB3DA2C004FF1F2 /* DeleteUserView.swift */,
				F809E2FD2CBD0841001BE099 /* DeleteUserConfirmView.swift */,
				F80DF73A2CB3DA38004FF1F2 /* DeleteUserViewModel.swift */,
			);
			path = DeleteUser;
			sourceTree = "<group>";
		};
		F8311F952C7060B3000455ED /* Components */ = {
			isa = PBXGroup;
			children = (
				F8758CEE2C8EDF630038CCBB /* DialogView.swift */,
				F80DF7352CB38861004FF1F2 /* WebView.swift */,
				F8311F982C7060E8000455ED /* GreenButton.swift */,
			);
			path = Components;
			sourceTree = "<group>";
		};
		F8311F9A2C7068C4000455ED /* Entity */ = {
			isa = PBXGroup;
			children = (
				F809E2F82CBD05E4001BE099 /* User */,
				F859C0462C7068D6007B886A /* SignUp */,
			);
			path = Entity;
			sourceTree = "<group>";
		};
		F84B21C12C9021CE009FE6F3 /* ViewModel */ = {
			isa = PBXGroup;
			children = (
				F8FD4FAF2C7A0FF600147C4F /* SignUpCalorieViewModel.swift */,
			);
			path = ViewModel;
			sourceTree = "<group>";
		};
		F84B21C22C902255009FE6F3 /* Onboarding */ = {
			isa = PBXGroup;
			children = (
				F8AB332F2C2EAD2E00BC16C9 /* OnboardingView.swift */,
			);
			path = Onboarding;
			sourceTree = "<group>";
		};
		F84B21C32C902270009FE6F3 /* Setting */ = {
			isa = PBXGroup;
			children = (
				F84B21C42C90227A009FE6F3 /* SettingView.swift */,
				F80DF7372CB3DA1C004FF1F2 /* DeleteUser */,
				F80DF7342CB384FB004FF1F2 /* SettingTerm */,
				F8773BBE2CA549EE009A608F /* UpdateCalorie */,
				F8773BBB2CA54194009A608F /* UpdateNickname */,
			);
			path = Setting;
			sourceTree = "<group>";
		};
		F859C0462C7068D6007B886A /* SignUp */ = {
			isa = PBXGroup;
			children = (
				F859C0472C7068DF007B886A /* SignUpData.swift */,
			);
			path = SignUp;
			sourceTree = "<group>";
		};
		F8773BBB2CA54194009A608F /* UpdateNickname */ = {
			isa = PBXGroup;
			children = (
				F811A21D2C9D5A3200176086 /* UpdateNicknameView.swift */,
				F8773BBC2CA541F4009A608F /* UpdateNicknameViewModel.swift */,
			);
			path = UpdateNickname;
			sourceTree = "<group>";
		};
		F8773BBE2CA549EE009A608F /* UpdateCalorie */ = {
			isa = PBXGroup;
			children = (
				F8773BBF2CA54A02009A608F /* UpdateCalorieView.swift */,
				F8773BC12CA54E49009A608F /* UpdateCalorieViewModel.swift */,
			);
			path = UpdateCalorie;
			sourceTree = "<group>";
		};
		F89A2EBA2C7C80AF00FE3A36 /* Util */ = {
			isa = PBXGroup;
			children = (
				F8758CF02C8EDF6B0038CCBB /* HealthKitManager.swift */,
				F809E2FB2CBD06A1001BE099 /* UserManager.swift */,
				F85C2BA32C4CD651002E2237 /* UserDefaultValue.swift */,
			);
			path = Util;
			sourceTree = "<group>";
		};
		F8AB33212C2EAD2E00BC16C9 = {
			isa = PBXGroup;
			children = (
				F8AB332C2C2EAD2E00BC16C9 /* DDanDDan */,
				F8AB332B2C2EAD2E00BC16C9 /* Products */,
			);
			sourceTree = "<group>";
		};
		F8AB332B2C2EAD2E00BC16C9 /* Products */ = {
			isa = PBXGroup;
			children = (
				F8AB332A2C2EAD2E00BC16C9 /* DDanDDan.app */,
			);
			name = Products;
			sourceTree = "<group>";
		};
		F8AB332C2C2EAD2E00BC16C9 /* DDanDDan */ = {
			isa = PBXGroup;
			children = (
				F8AB332D2C2EAD2E00BC16C9 /* DDanDDanApp.swift */,
				F84B21C32C902270009FE6F3 /* Setting */,
				362864AF2C89E76200029452 /* Info.plist */,
				362864902C89BF9900029452 /* Resource */,
				F89A2EBA2C7C80AF00FE3A36 /* Util */,
				F8311F9A2C7068C4000455ED /* Entity */,
				F8311F952C7060B3000455ED /* Components */,
				F8C10C142C57950D0037D6A5 /* SignUp */,
				F84B21C22C902255009FE6F3 /* Onboarding */,
				F8AB33332C2EAD2F00BC16C9 /* Preview Content */,
			);
			path = DDanDDan;
			sourceTree = "<group>";
		};
		F8AB33332C2EAD2F00BC16C9 /* Preview Content */ = {
			isa = PBXGroup;
			children = (
				F8AB33342C2EAD2F00BC16C9 /* Preview Assets.xcassets */,
			);
			path = "Preview Content";
			sourceTree = "<group>";
		};
		F8C10C142C57950D0037D6A5 /* SignUp */ = {
			isa = PBXGroup;
			children = (
				F8C10C172C57955C0037D6A5 /* SignUpView.swift */,
				F8C10C192C57970B0037D6A5 /* SignUpTermView.swift */,
				F859C0492C706A2D007B886A /* SignUpEggView.swift */,
				F827E5582C748CBC00C5B320 /* SignUpNicknameView.swift */,
				F8FD4FAD2C7A09F900147C4F /* SignUpCalorieView.swift */,
				F89A2EB82C7C7F0500FE3A36 /* SignUpSuccessView.swift */,
				F84B21C12C9021CE009FE6F3 /* ViewModel */,
			);
			path = SignUp;
			sourceTree = "<group>";
		};
/* End PBXGroup section */

/* Begin PBXNativeTarget section */
		F8AB33292C2EAD2E00BC16C9 /* DDanDDan */ = {
			isa = PBXNativeTarget;
			buildConfigurationList = F8AB33382C2EAD2F00BC16C9 /* Build configuration list for PBXNativeTarget "DDanDDan" */;
			buildPhases = (
				F8AB33262C2EAD2E00BC16C9 /* Sources */,
				F8AB33272C2EAD2E00BC16C9 /* Frameworks */,
				F8AB33282C2EAD2E00BC16C9 /* Resources */,
			);
			buildRules = (
			);
			dependencies = (
			);
			name = DDanDDan;
			packageProductDependencies = (
				F8C10C0C2C5782720037D6A5 /* KakaoSDK */,
				F8C10C0E2C5782720037D6A5 /* KakaoSDKAuth */,
				F8C10C102C5782720037D6A5 /* KakaoSDKCommon */,
				F8C10C122C5782720037D6A5 /* KakaoSDKUser */,
			);
			productName = DDanDDan;
			productReference = F8AB332A2C2EAD2E00BC16C9 /* DDanDDan.app */;
			productType = "com.apple.product-type.application";
		};
/* End PBXNativeTarget section */

/* Begin PBXProject section */
		F8AB33222C2EAD2E00BC16C9 /* Project object */ = {
			isa = PBXProject;
			attributes = {
				BuildIndependentTargetsInParallel = 1;
				LastSwiftUpdateCheck = 1530;
				LastUpgradeCheck = 1530;
				TargetAttributes = {
					F8AB33292C2EAD2E00BC16C9 = {
						CreatedOnToolsVersion = 15.3;
					};
				};
			};
			buildConfigurationList = F8AB33252C2EAD2E00BC16C9 /* Build configuration list for PBXProject "DDanDDan" */;
			compatibilityVersion = "Xcode 14.0";
			developmentRegion = en;
			hasScannedForEncodings = 0;
			knownRegions = (
				en,
				Base,
			);
			mainGroup = F8AB33212C2EAD2E00BC16C9;
			packageReferences = (
				F8C10C0B2C5782720037D6A5 /* XCRemoteSwiftPackageReference "kakao-ios-sdk" */,
			);
			productRefGroup = F8AB332B2C2EAD2E00BC16C9 /* Products */;
			projectDirPath = "";
			projectRoot = "";
			targets = (
				F8AB33292C2EAD2E00BC16C9 /* DDanDDan */,
			);
		};
/* End PBXProject section */

/* Begin PBXResourcesBuildPhase section */
		F8AB33282C2EAD2E00BC16C9 /* Resources */ = {
			isa = PBXResourcesBuildPhase;
			buildActionMask = 2147483647;
			files = (
				F8AB33352C2EAD2F00BC16C9 /* Preview Assets.xcassets in Resources */,
				3628649F2C89CA2000029452 /* Pretendard-SemiBold.otf in Resources */,
				362864BA2C8A4B9000029452 /* NeoDunggeunmoPro-Regular.ttf in Resources */,
				3628649D2C89CA2000029452 /* Pretendard-Regular.otf in Resources */,
				3628649C2C89CA2000029452 /* Pretendard-Medium.otf in Resources */,
				F8758CF32C8EE1F60038CCBB /* Assets.xcassets in Resources */,
				362864A12C89CA2000029452 /* Pretendard-Bold.otf in Resources */,
			);
			runOnlyForDeploymentPostprocessing = 0;
		};
/* End PBXResourcesBuildPhase section */

/* Begin PBXSourcesBuildPhase section */
		F8AB33262C2EAD2E00BC16C9 /* Sources */ = {
			isa = PBXSourcesBuildPhase;
			buildActionMask = 2147483647;
			files = (
				F859C04A2C706A2D007B886A /* SignUpEggView.swift in Sources */,
				F8FD4FB02C7A0FF600147C4F /* SignUpCalorieViewModel.swift in Sources */,
				F8AB33302C2EAD2E00BC16C9 /* OnboardingView.swift in Sources */,
				F809E2FA2CBD05F5001BE099 /* UserData.swift in Sources */,
				362864A82C89D64100029452 /* Font.swift in Sources */,
				F8FD4FAE2C7A09F900147C4F /* SignUpCalorieView.swift in Sources */,
				F8773BC22CA54E49009A608F /* UpdateCalorieViewModel.swift in Sources */,
				F84B21C52C90227A009FE6F3 /* SettingView.swift in Sources */,
				F8311F992C7060E8000455ED /* GreenButton.swift in Sources */,
				F8758CEF2C8EDF630038CCBB /* DialogView.swift in Sources */,
				F85C2BA42C4CD651002E2237 /* UserDefaultValue.swift in Sources */,
				F811A21E2C9D5A3200176086 /* UpdateNicknameView.swift in Sources */,
				F8AB332E2C2EAD2E00BC16C9 /* DDanDDanApp.swift in Sources */,
				F809E2FE2CBD0841001BE099 /* DeleteUserConfirmView.swift in Sources */,
				F80DF7332CB384F8004FF1F2 /* SettingTermView.swift in Sources */,
				F859C0482C7068DF007B886A /* SignUpData.swift in Sources */,
				F8C10C182C57955C0037D6A5 /* SignUpView.swift in Sources */,
				F809E2FC2CBD06A1001BE099 /* UserManager.swift in Sources */,
				F8773BBD2CA541F4009A608F /* UpdateNicknameViewModel.swift in Sources */,
				F8758CF12C8EDF6B0038CCBB /* HealthKitManager.swift in Sources */,
				F827E5592C748CBC00C5B320 /* SignUpNicknameView.swift in Sources */,
				F80DF73B2CB3DA38004FF1F2 /* DeleteUserViewModel.swift in Sources */,
				F89A2EB92C7C7F0500FE3A36 /* SignUpSuccessView.swift in Sources */,
				F80DF7392CB3DA2C004FF1F2 /* DeleteUserView.swift in Sources */,
				F8773BC02CA54A02009A608F /* UpdateCalorieView.swift in Sources */,
				F8C10C1A2C57970B0037D6A5 /* SignUpTermView.swift in Sources */,
				F80DF7362CB38861004FF1F2 /* WebView.swift in Sources */,
			);
			runOnlyForDeploymentPostprocessing = 0;
		};
/* End PBXSourcesBuildPhase section */

/* Begin XCBuildConfiguration section */
		F8AB33362C2EAD2F00BC16C9 /* Debug */ = {
			isa = XCBuildConfiguration;
			buildSettings = {
				ALWAYS_SEARCH_USER_PATHS = NO;
				ASSETCATALOG_COMPILER_GENERATE_SWIFT_ASSET_SYMBOL_EXTENSIONS = YES;
				CLANG_ANALYZER_NONNULL = YES;
				CLANG_ANALYZER_NUMBER_OBJECT_CONVERSION = YES_AGGRESSIVE;
				CLANG_CXX_LANGUAGE_STANDARD = "gnu++20";
				CLANG_ENABLE_MODULES = YES;
				CLANG_ENABLE_OBJC_ARC = YES;
				CLANG_ENABLE_OBJC_WEAK = YES;
				CLANG_WARN_BLOCK_CAPTURE_AUTORELEASING = YES;
				CLANG_WARN_BOOL_CONVERSION = YES;
				CLANG_WARN_COMMA = YES;
				CLANG_WARN_CONSTANT_CONVERSION = YES;
				CLANG_WARN_DEPRECATED_OBJC_IMPLEMENTATIONS = YES;
				CLANG_WARN_DIRECT_OBJC_ISA_USAGE = YES_ERROR;
				CLANG_WARN_DOCUMENTATION_COMMENTS = YES;
				CLANG_WARN_EMPTY_BODY = YES;
				CLANG_WARN_ENUM_CONVERSION = YES;
				CLANG_WARN_INFINITE_RECURSION = YES;
				CLANG_WARN_INT_CONVERSION = YES;
				CLANG_WARN_NON_LITERAL_NULL_CONVERSION = YES;
				CLANG_WARN_OBJC_IMPLICIT_RETAIN_SELF = YES;
				CLANG_WARN_OBJC_LITERAL_CONVERSION = YES;
				CLANG_WARN_OBJC_ROOT_CLASS = YES_ERROR;
				CLANG_WARN_QUOTED_INCLUDE_IN_FRAMEWORK_HEADER = YES;
				CLANG_WARN_RANGE_LOOP_ANALYSIS = YES;
				CLANG_WARN_STRICT_PROTOTYPES = YES;
				CLANG_WARN_SUSPICIOUS_MOVE = YES;
				CLANG_WARN_UNGUARDED_AVAILABILITY = YES_AGGRESSIVE;
				CLANG_WARN_UNREACHABLE_CODE = YES;
				CLANG_WARN__DUPLICATE_METHOD_MATCH = YES;
				COPY_PHASE_STRIP = NO;
				DEBUG_INFORMATION_FORMAT = dwarf;
				ENABLE_STRICT_OBJC_MSGSEND = YES;
				ENABLE_TESTABILITY = YES;
				ENABLE_USER_SCRIPT_SANDBOXING = YES;
				GCC_C_LANGUAGE_STANDARD = gnu17;
				GCC_DYNAMIC_NO_PIC = NO;
				GCC_NO_COMMON_BLOCKS = YES;
				GCC_OPTIMIZATION_LEVEL = 0;
				GCC_PREPROCESSOR_DEFINITIONS = (
					"DEBUG=1",
					"$(inherited)",
				);
				GCC_WARN_64_TO_32_BIT_CONVERSION = YES;
				GCC_WARN_ABOUT_RETURN_TYPE = YES_ERROR;
				GCC_WARN_UNDECLARED_SELECTOR = YES;
				GCC_WARN_UNINITIALIZED_AUTOS = YES_AGGRESSIVE;
				GCC_WARN_UNUSED_FUNCTION = YES;
				GCC_WARN_UNUSED_VARIABLE = YES;
				INFOPLIST_KEY_CFBundleDisplayName = "딴딴_DEV";
				IPHONEOS_DEPLOYMENT_TARGET = 16.0;
				LOCALIZATION_PREFERS_STRING_CATALOGS = YES;
				MTL_ENABLE_DEBUG_INFO = INCLUDE_SOURCE;
				MTL_FAST_MATH = YES;
				ONLY_ACTIVE_ARCH = YES;
				SDKROOT = iphoneos;
				SWIFT_ACTIVE_COMPILATION_CONDITIONS = "DEBUG $(inherited)";
				SWIFT_OPTIMIZATION_LEVEL = "-Onone";
			};
			name = Debug;
		};
		F8AB33372C2EAD2F00BC16C9 /* Release */ = {
			isa = XCBuildConfiguration;
			buildSettings = {
				ALWAYS_SEARCH_USER_PATHS = NO;
				ASSETCATALOG_COMPILER_GENERATE_SWIFT_ASSET_SYMBOL_EXTENSIONS = YES;
				CLANG_ANALYZER_NONNULL = YES;
				CLANG_ANALYZER_NUMBER_OBJECT_CONVERSION = YES_AGGRESSIVE;
				CLANG_CXX_LANGUAGE_STANDARD = "gnu++20";
				CLANG_ENABLE_MODULES = YES;
				CLANG_ENABLE_OBJC_ARC = YES;
				CLANG_ENABLE_OBJC_WEAK = YES;
				CLANG_WARN_BLOCK_CAPTURE_AUTORELEASING = YES;
				CLANG_WARN_BOOL_CONVERSION = YES;
				CLANG_WARN_COMMA = YES;
				CLANG_WARN_CONSTANT_CONVERSION = YES;
				CLANG_WARN_DEPRECATED_OBJC_IMPLEMENTATIONS = YES;
				CLANG_WARN_DIRECT_OBJC_ISA_USAGE = YES_ERROR;
				CLANG_WARN_DOCUMENTATION_COMMENTS = YES;
				CLANG_WARN_EMPTY_BODY = YES;
				CLANG_WARN_ENUM_CONVERSION = YES;
				CLANG_WARN_INFINITE_RECURSION = YES;
				CLANG_WARN_INT_CONVERSION = YES;
				CLANG_WARN_NON_LITERAL_NULL_CONVERSION = YES;
				CLANG_WARN_OBJC_IMPLICIT_RETAIN_SELF = YES;
				CLANG_WARN_OBJC_LITERAL_CONVERSION = YES;
				CLANG_WARN_OBJC_ROOT_CLASS = YES_ERROR;
				CLANG_WARN_QUOTED_INCLUDE_IN_FRAMEWORK_HEADER = YES;
				CLANG_WARN_RANGE_LOOP_ANALYSIS = YES;
				CLANG_WARN_STRICT_PROTOTYPES = YES;
				CLANG_WARN_SUSPICIOUS_MOVE = YES;
				CLANG_WARN_UNGUARDED_AVAILABILITY = YES_AGGRESSIVE;
				CLANG_WARN_UNREACHABLE_CODE = YES;
				CLANG_WARN__DUPLICATE_METHOD_MATCH = YES;
				COPY_PHASE_STRIP = NO;
				DEBUG_INFORMATION_FORMAT = "dwarf-with-dsym";
				ENABLE_NS_ASSERTIONS = NO;
				ENABLE_STRICT_OBJC_MSGSEND = YES;
				ENABLE_USER_SCRIPT_SANDBOXING = YES;
				GCC_C_LANGUAGE_STANDARD = gnu17;
				GCC_NO_COMMON_BLOCKS = YES;
				GCC_WARN_64_TO_32_BIT_CONVERSION = YES;
				GCC_WARN_ABOUT_RETURN_TYPE = YES_ERROR;
				GCC_WARN_UNDECLARED_SELECTOR = YES;
				GCC_WARN_UNINITIALIZED_AUTOS = YES_AGGRESSIVE;
				GCC_WARN_UNUSED_FUNCTION = YES;
				GCC_WARN_UNUSED_VARIABLE = YES;
				INFOPLIST_KEY_CFBundleDisplayName = "딴딴";
				IPHONEOS_DEPLOYMENT_TARGET = 16.0;
				LOCALIZATION_PREFERS_STRING_CATALOGS = YES;
				MTL_ENABLE_DEBUG_INFO = NO;
				MTL_FAST_MATH = YES;
				SDKROOT = iphoneos;
				SWIFT_COMPILATION_MODE = wholemodule;
				VALIDATE_PRODUCT = YES;
			};
			name = Release;
		};
		F8AB33392C2EAD2F00BC16C9 /* Debug */ = {
			isa = XCBuildConfiguration;
			buildSettings = {
				ASSETCATALOG_COMPILER_APPICON_NAME = AppIcon;
				ASSETCATALOG_COMPILER_GLOBAL_ACCENT_COLOR_NAME = AccentColor;
				CODE_SIGN_ENTITLEMENTS = DDanDDan/DDanDDan.entitlements;
				CODE_SIGN_IDENTITY = "Apple Development";
				CODE_SIGN_STYLE = Automatic;
				CURRENT_PROJECT_VERSION = 1;
				DEVELOPMENT_ASSET_PATHS = "\"DDanDDan/Preview Content\"";
				DEVELOPMENT_TEAM = L3B9L4FDBB;
				ENABLE_PREVIEWS = YES;
				GENERATE_INFOPLIST_FILE = YES;
				INFOPLIST_FILE = DDanDDan/Info.plist;
				INFOPLIST_KEY_CFBundleDisplayName = "딴딴_DEV";
				INFOPLIST_KEY_NSHealthClinicalHealthRecordsShareUsageDescription = "운동 데이터 기록을 위해 데이터 접근 권한이 필요합니다";
				INFOPLIST_KEY_NSHealthShareUsageDescription = "운동 데이터 기록을 위해 데이터 접근 권한이 필요합니다";
				INFOPLIST_KEY_NSHealthUpdateUsageDescription = "운동 데이터 기록을 위해 데이터 접근 권한이 필요합니다";
				INFOPLIST_KEY_UIApplicationSceneManifest_Generation = YES;
				INFOPLIST_KEY_UIApplicationSupportsIndirectInputEvents = YES;
				INFOPLIST_KEY_UILaunchScreen_Generation = YES;
				INFOPLIST_KEY_UISupportedInterfaceOrientations_iPad = "UIInterfaceOrientationPortrait UIInterfaceOrientationPortraitUpsideDown UIInterfaceOrientationLandscapeLeft UIInterfaceOrientationLandscapeRight";
				INFOPLIST_KEY_UISupportedInterfaceOrientations_iPhone = "UIInterfaceOrientationPortrait UIInterfaceOrientationLandscapeLeft UIInterfaceOrientationLandscapeRight";
				IPHONEOS_DEPLOYMENT_TARGET = 16.0;
				LD_RUNPATH_SEARCH_PATHS = (
					"$(inherited)",
					"@executable_path/Frameworks",
				);
				MARKETING_VERSION = 1.0;
				PRODUCT_BUNDLE_IDENTIFIER = inc.ddanddan.DDanDDan;
				PRODUCT_NAME = "$(TARGET_NAME)";
				PROVISIONING_PROFILE_SPECIFIER = "";
				SWIFT_EMIT_LOC_STRINGS = YES;
				SWIFT_VERSION = 5.0;
				TARGETED_DEVICE_FAMILY = "1,2";
			};
			name = Debug;
		};
		F8AB333A2C2EAD2F00BC16C9 /* Release */ = {
			isa = XCBuildConfiguration;
			buildSettings = {
				ASSETCATALOG_COMPILER_APPICON_NAME = AppIcon;
				ASSETCATALOG_COMPILER_GLOBAL_ACCENT_COLOR_NAME = AccentColor;
				CODE_SIGN_ENTITLEMENTS = DDanDDan/DDanDDan.entitlements;
				CODE_SIGN_IDENTITY = "Apple Development";
				CODE_SIGN_STYLE = Automatic;
				CURRENT_PROJECT_VERSION = 1;
				DEVELOPMENT_ASSET_PATHS = "\"DDanDDan/Preview Content\"";
				DEVELOPMENT_TEAM = L3B9L4FDBB;
				ENABLE_PREVIEWS = YES;
				GENERATE_INFOPLIST_FILE = YES;
				INFOPLIST_FILE = DDanDDan/Info.plist;
				INFOPLIST_KEY_CFBundleDisplayName = "딴딴";
				INFOPLIST_KEY_NSHealthClinicalHealthRecordsShareUsageDescription = "운동 데이터 기록을 위해 데이터 접근 권한이 필요합니다";
				INFOPLIST_KEY_NSHealthShareUsageDescription = "운동 데이터 기록을 위해 데이터 접근 권한이 필요합니다";
				INFOPLIST_KEY_NSHealthUpdateUsageDescription = "운동 데이터 기록을 위해 데이터 접근 권한이 필요합니다";
				INFOPLIST_KEY_UIApplicationSceneManifest_Generation = YES;
				INFOPLIST_KEY_UIApplicationSupportsIndirectInputEvents = YES;
				INFOPLIST_KEY_UILaunchScreen_Generation = YES;
				INFOPLIST_KEY_UISupportedInterfaceOrientations_iPad = "UIInterfaceOrientationPortrait UIInterfaceOrientationPortraitUpsideDown UIInterfaceOrientationLandscapeLeft UIInterfaceOrientationLandscapeRight";
				INFOPLIST_KEY_UISupportedInterfaceOrientations_iPhone = "UIInterfaceOrientationPortrait UIInterfaceOrientationLandscapeLeft UIInterfaceOrientationLandscapeRight";
				IPHONEOS_DEPLOYMENT_TARGET = 16.0;
				LD_RUNPATH_SEARCH_PATHS = (
					"$(inherited)",
					"@executable_path/Frameworks",
				);
				MARKETING_VERSION = 1.0;
				PRODUCT_BUNDLE_IDENTIFIER = inc.ddanddan.DDanDDan;
				PRODUCT_NAME = "$(TARGET_NAME)";
				PROVISIONING_PROFILE_SPECIFIER = "";
				SWIFT_EMIT_LOC_STRINGS = YES;
				SWIFT_VERSION = 5.0;
				TARGETED_DEVICE_FAMILY = "1,2";
			};
			name = Release;
		};
/* End XCBuildConfiguration section */

/* Begin XCConfigurationList section */
		F8AB33252C2EAD2E00BC16C9 /* Build configuration list for PBXProject "DDanDDan" */ = {
			isa = XCConfigurationList;
			buildConfigurations = (
				F8AB33362C2EAD2F00BC16C9 /* Debug */,
				F8AB33372C2EAD2F00BC16C9 /* Release */,
			);
			defaultConfigurationIsVisible = 0;
			defaultConfigurationName = Release;
		};
		F8AB33382C2EAD2F00BC16C9 /* Build configuration list for PBXNativeTarget "DDanDDan" */ = {
			isa = XCConfigurationList;
			buildConfigurations = (
				F8AB33392C2EAD2F00BC16C9 /* Debug */,
				F8AB333A2C2EAD2F00BC16C9 /* Release */,
			);
			defaultConfigurationIsVisible = 0;
			defaultConfigurationName = Release;
		};
/* End XCConfigurationList section */

/* Begin XCRemoteSwiftPackageReference section */
		F8C10C0B2C5782720037D6A5 /* XCRemoteSwiftPackageReference "kakao-ios-sdk" */ = {
			isa = XCRemoteSwiftPackageReference;
			repositoryURL = "https://github.com/kakao/kakao-ios-sdk.git";
			requirement = {
				kind = upToNextMajorVersion;
				minimumVersion = 2.22.5;
			};
		};
/* End XCRemoteSwiftPackageReference section */

/* Begin XCSwiftPackageProductDependency section */
		F8C10C0C2C5782720037D6A5 /* KakaoSDK */ = {
			isa = XCSwiftPackageProductDependency;
			package = F8C10C0B2C5782720037D6A5 /* XCRemoteSwiftPackageReference "kakao-ios-sdk" */;
			productName = KakaoSDK;
		};
		F8C10C0E2C5782720037D6A5 /* KakaoSDKAuth */ = {
			isa = XCSwiftPackageProductDependency;
			package = F8C10C0B2C5782720037D6A5 /* XCRemoteSwiftPackageReference "kakao-ios-sdk" */;
			productName = KakaoSDKAuth;
		};
		F8C10C102C5782720037D6A5 /* KakaoSDKCommon */ = {
			isa = XCSwiftPackageProductDependency;
			package = F8C10C0B2C5782720037D6A5 /* XCRemoteSwiftPackageReference "kakao-ios-sdk" */;
			productName = KakaoSDKCommon;
		};
		F8C10C122C5782720037D6A5 /* KakaoSDKUser */ = {
			isa = XCSwiftPackageProductDependency;
			package = F8C10C0B2C5782720037D6A5 /* XCRemoteSwiftPackageReference "kakao-ios-sdk" */;
			productName = KakaoSDKUser;
		};
/* End XCSwiftPackageProductDependency section */
	};
	rootObject = F8AB33222C2EAD2E00BC16C9 /* Project object */;
}
